
Microsoft Visual Studio Solution File, Format Version 12.00
# Visual Studio Version 17
VisualStudioVersion = 17.11.35303.130
MinimumVisualStudioVersion = 10.0.40219.1
Project("{8BC9CEB8-8B4A-11D0-8D11-00A0C91BC942}") = "Task00", "Task00\Task00.vcxproj", "{0857D555-AA11-4DE3-B7B1-CD88EE0E0B2C}"
EndProject
Project("{8BC9CEB8-8B4A-11D0-8D11-00A0C91BC942}") = "000_StringCount", "000_StringCount\000_StringCount.vcxproj", "{EE5AF0DB-CFC0-4078-8E6A-61CFC03704BE}"
EndProject
Project("{8BC9CEB8-8B4A-11D0-8D11-00A0C91BC942}") = "001_NumberCount", "001_NumberCount\001_NumberCount.vcxproj", "{524D68F6-A79C-4E93-8649-DD5C7DC57FD4}"
EndProject
Project("{8BC9CEB8-8B4A-11D0-8D11-00A0C91BC942}") = "002_MyPrintf", "002_MyPrintf\002_MyPrintf.vcxproj", "{40C11A56-F696-4AAB-9C7F-F02B30704F74}"
EndProject
Project("{8BC9CEB8-8B4A-11D0-8D11-00A0C91BC942}") = "003_PlusString", "003_PlusString\003_PlusString.vcxproj", "{D794261C-7EE4-4EB3-A2A4-788437D8FBB2}"
EndProject
Project("{2150E333-8FDC-42A3-9474-1A3956D46DE8}") = "Game", "Game", "{2F03B7D0-B689-4FAC-B0ED-BCE2D479B7EA}"
EndProject
Project("{8BC9CEB8-8B4A-11D0-8D11-00A0C91BC942}") = "TextRpg000", "TextRpg000\TextRpg000.vcxproj", "{FC90C47A-7B2F-4FEC-8603-625FF470726E}"
EndProject
Project("{8BC9CEB8-8B4A-11D0-8D11-00A0C91BC942}") = "TextRpg002", "TextRpg002\TextRpg002.vcxproj", "{151FFAEB-1E0E-4A83-A28E-27BC68508EA8}"
EndProject
Project("{8BC9CEB8-8B4A-11D0-8D11-00A0C91BC942}") = "004_ClassSize", "004_ClassSize\004_ClassSize.vcxproj", "{F3C1E714-10E6-491F-B700-86F613FAA277}"
EndProject
Project("{2150E333-8FDC-42A3-9474-1A3956D46DE8}") = "Framework", "Framework", "{8876102E-E386-494D-BD9B-850053396B21}"
EndProject
Project("{8BC9CEB8-8B4A-11D0-8D11-00A0C91BC942}") = "BaseSystem", "BaseSystem\BaseSystem.vcxproj", "{0ACEBF45-8515-409B-99DE-190CD392A6FC}"
EndProject
Project("{8BC9CEB8-8B4A-11D0-8D11-00A0C91BC942}") = "TextRPG003ClassFile", "TextRPG003ClassFile\TextRPG003ClassFile.vcxproj", "{ADAC5A93-943B-4584-B3F9-66AD5DC26F57}"
EndProject
Project("{8BC9CEB8-8B4A-11D0-8D11-00A0C91BC942}") = "TextRpgLast", "..\..\Multi\GM2\CPP\TextRpgLast\TextRpgLast.vcxproj", "{58A974E7-93F1-4486-88D3-4C0854C19308}"
EndProject
Global
	GlobalSection(SolutionConfigurationPlatforms) = preSolution
		Debug|x64 = Debug|x64
		Debug|x86 = Debug|x86
		Release|x64 = Release|x64
		Release|x86 = Release|x86
	EndGlobalSection
	GlobalSection(ProjectConfigurationPlatforms) = postSolution
		{0857D555-AA11-4DE3-B7B1-CD88EE0E0B2C}.Debug|x64.ActiveCfg = Debug|x64
		{0857D555-AA11-4DE3-B7B1-CD88EE0E0B2C}.Debug|x64.Build.0 = Debug|x64
		{0857D555-AA11-4DE3-B7B1-CD88EE0E0B2C}.Debug|x86.ActiveCfg = Debug|Win32
		{0857D555-AA11-4DE3-B7B1-CD88EE0E0B2C}.Debug|x86.Build.0 = Debug|Win32
		{0857D555-AA11-4DE3-B7B1-CD88EE0E0B2C}.Release|x64.ActiveCfg = Release|x64
		{0857D555-AA11-4DE3-B7B1-CD88EE0E0B2C}.Release|x64.Build.0 = Release|x64
		{0857D555-AA11-4DE3-B7B1-CD88EE0E0B2C}.Release|x86.ActiveCfg = Release|Win32
		{0857D555-AA11-4DE3-B7B1-CD88EE0E0B2C}.Release|x86.Build.0 = Release|Win32
		{EE5AF0DB-CFC0-4078-8E6A-61CFC03704BE}.Debug|x64.ActiveCfg = Debug|x64
		{EE5AF0DB-CFC0-4078-8E6A-61CFC03704BE}.Debug|x64.Build.0 = Debug|x64
		{EE5AF0DB-CFC0-4078-8E6A-61CFC03704BE}.Debug|x86.ActiveCfg = Debug|Win32
		{EE5AF0DB-CFC0-4078-8E6A-61CFC03704BE}.Debug|x86.Build.0 = Debug|Win32
		{EE5AF0DB-CFC0-4078-8E6A-61CFC03704BE}.Release|x64.ActiveCfg = Release|x64
		{EE5AF0DB-CFC0-4078-8E6A-61CFC03704BE}.Release|x64.Build.0 = Release|x64
		{EE5AF0DB-CFC0-4078-8E6A-61CFC03704BE}.Release|x86.ActiveCfg = Release|Win32
		{EE5AF0DB-CFC0-4078-8E6A-61CFC03704BE}.Release|x86.Build.0 = Release|Win32
		{524D68F6-A79C-4E93-8649-DD5C7DC57FD4}.Debug|x64.ActiveCfg = Debug|x64
		{524D68F6-A79C-4E93-8649-DD5C7DC57FD4}.Debug|x64.Build.0 = Debug|x64
		{524D68F6-A79C-4E93-8649-DD5C7DC57FD4}.Debug|x86.ActiveCfg = Debug|Win32
		{524D68F6-A79C-4E93-8649-DD5C7DC57FD4}.Debug|x86.Build.0 = Debug|Win32
		{524D68F6-A79C-4E93-8649-DD5C7DC57FD4}.Release|x64.ActiveCfg = Release|x64
		{524D68F6-A79C-4E93-8649-DD5C7DC57FD4}.Release|x64.Build.0 = Release|x64
		{524D68F6-A79C-4E93-8649-DD5C7DC57FD4}.Release|x86.ActiveCfg = Release|Win32
		{524D68F6-A79C-4E93-8649-DD5C7DC57FD4}.Release|x86.Build.0 = Release|Win32
		{40C11A56-F696-4AAB-9C7F-F02B30704F74}.Debug|x64.ActiveCfg = Debug|x64
		{40C11A56-F696-4AAB-9C7F-F02B30704F74}.Debug|x64.Build.0 = Debug|x64
		{40C11A56-F696-4AAB-9C7F-F02B30704F74}.Debug|x86.ActiveCfg = Debug|Win32
		{40C11A56-F696-4AAB-9C7F-F02B30704F74}.Debug|x86.Build.0 = Debug|Win32
		{40C11A56-F696-4AAB-9C7F-F02B30704F74}.Release|x64.ActiveCfg = Release|x64
		{40C11A56-F696-4AAB-9C7F-F02B30704F74}.Release|x64.Build.0 = Release|x64
		{40C11A56-F696-4AAB-9C7F-F02B30704F74}.Release|x86.ActiveCfg = Release|Win32
		{40C11A56-F696-4AAB-9C7F-F02B30704F74}.Release|x86.Build.0 = Release|Win32
		{D794261C-7EE4-4EB3-A2A4-788437D8FBB2}.Debug|x64.ActiveCfg = Debug|x64
		{D794261C-7EE4-4EB3-A2A4-788437D8FBB2}.Debug|x64.Build.0 = Debug|x64
		{D794261C-7EE4-4EB3-A2A4-788437D8FBB2}.Debug|x86.ActiveCfg = Debug|Win32
		{D794261C-7EE4-4EB3-A2A4-788437D8FBB2}.Debug|x86.Build.0 = Debug|Win32
		{D794261C-7EE4-4EB3-A2A4-788437D8FBB2}.Release|x64.ActiveCfg = Release|x64
		{D794261C-7EE4-4EB3-A2A4-788437D8FBB2}.Release|x64.Build.0 = Release|x64
		{D794261C-7EE4-4EB3-A2A4-788437D8FBB2}.Release|x86.ActiveCfg = Release|Win32
		{D794261C-7EE4-4EB3-A2A4-788437D8FBB2}.Release|x86.Build.0 = Release|Win32
		{FC90C47A-7B2F-4FEC-8603-625FF470726E}.Debug|x64.ActiveCfg = Debug|x64
		{FC90C47A-7B2F-4FEC-8603-625FF470726E}.Debug|x64.Build.0 = Debug|x64
		{FC90C47A-7B2F-4FEC-8603-625FF470726E}.Debug|x86.ActiveCfg = Debug|Win32
		{FC90C47A-7B2F-4FEC-8603-625FF470726E}.Debug|x86.Build.0 = Debug|Win32
		{FC90C47A-7B2F-4FEC-8603-625FF470726E}.Release|x64.ActiveCfg = Release|x64
		{FC90C47A-7B2F-4FEC-8603-625FF470726E}.Release|x64.Build.0 = Release|x64
		{FC90C47A-7B2F-4FEC-8603-625FF470726E}.Release|x86.ActiveCfg = Release|Win32
		{FC90C47A-7B2F-4FEC-8603-625FF470726E}.Release|x86.Build.0 = Release|Win32
		{151FFAEB-1E0E-4A83-A28E-27BC68508EA8}.Debug|x64.ActiveCfg = Debug|x64
		{151FFAEB-1E0E-4A83-A28E-27BC68508EA8}.Debug|x64.Build.0 = Debug|x64
		{151FFAEB-1E0E-4A83-A28E-27BC68508EA8}.Debug|x86.ActiveCfg = Debug|Win32
		{151FFAEB-1E0E-4A83-A28E-27BC68508EA8}.Debug|x86.Build.0 = Debug|Win32
		{151FFAEB-1E0E-4A83-A28E-27BC68508EA8}.Release|x64.ActiveCfg = Release|x64
		{151FFAEB-1E0E-4A83-A28E-27BC68508EA8}.Release|x64.Build.0 = Release|x64
		{151FFAEB-1E0E-4A83-A28E-27BC68508EA8}.Release|x86.ActiveCfg = Release|Win32
		{151FFAEB-1E0E-4A83-A28E-27BC68508EA8}.Release|x86.Build.0 = Release|Win32
		{F3C1E714-10E6-491F-B700-86F613FAA277}.Debug|x64.ActiveCfg = Debug|x64
		{F3C1E714-10E6-491F-B700-86F613FAA277}.Debug|x64.Build.0 = Debug|x64
		{F3C1E714-10E6-491F-B700-86F613FAA277}.Debug|x86.ActiveCfg = Debug|Win32
		{F3C1E714-10E6-491F-B700-86F613FAA277}.Debug|x86.Build.0 = Debug|Win32
		{F3C1E714-10E6-491F-B700-86F613FAA277}.Release|x64.ActiveCfg = Release|x64
		{F3C1E714-10E6-491F-B700-86F613FAA277}.Release|x64.Build.0 = Release|x64
		{F3C1E714-10E6-491F-B700-86F613FAA277}.Release|x86.ActiveCfg = Release|Win32
		{F3C1E714-10E6-491F-B700-86F613FAA277}.Release|x86.Build.0 = Release|Win32
		{0ACEBF45-8515-409B-99DE-190CD392A6FC}.Debug|x64.ActiveCfg = Debug|x64
		{0ACEBF45-8515-409B-99DE-190CD392A6FC}.Debug|x64.Build.0 = Debug|x64
		{0ACEBF45-8515-409B-99DE-190CD392A6FC}.Debug|x86.ActiveCfg = Debug|Win32
		{0ACEBF45-8515-409B-99DE-190CD392A6FC}.Debug|x86.Build.0 = Debug|Win32
		{0ACEBF45-8515-409B-99DE-190CD392A6FC}.Release|x64.ActiveCfg = Release|x64
		{0ACEBF45-8515-409B-99DE-190CD392A6FC}.Release|x64.Build.0 = Release|x64
		{0ACEBF45-8515-409B-99DE-190CD392A6FC}.Release|x86.ActiveCfg = Release|Win32
		{0ACEBF45-8515-409B-99DE-190CD392A6FC}.Release|x86.Build.0 = Release|Win32
		{ADAC5A93-943B-4584-B3F9-66AD5DC26F57}.Debug|x64.ActiveCfg = Debug|x64
		{ADAC5A93-943B-4584-B3F9-66AD5DC26F57}.Debug|x64.Build.0 = Debug|x64
		{ADAC5A93-943B-4584-B3F9-66AD5DC26F57}.Debug|x86.ActiveCfg = Debug|Win32
		{ADAC5A93-943B-4584-B3F9-66AD5DC26F57}.Debug|x86.Build.0 = Debug|Win32
		{ADAC5A93-943B-4584-B3F9-66AD5DC26F57}.Release|x64.ActiveCfg = Release|x64
		{ADAC5A93-943B-4584-B3F9-66AD5DC26F57}.Release|x64.Build.0 = Release|x64
		{ADAC5A93-943B-4584-B3F9-66AD5DC26F57}.Release|x86.ActiveCfg = Release|Win32
		{ADAC5A93-943B-4584-B3F9-66AD5DC26F57}.Release|x86.Build.0 = Release|Win32
		{58A974E7-93F1-4486-88D3-4C0854C19308}.Debug|x64.ActiveCfg = Debug|x64
		{58A974E7-93F1-4486-88D3-4C0854C19308}.Debug|x64.Build.0 = Debug|x64
		{58A974E7-93F1-4486-88D3-4C0854C19308}.Debug|x86.ActiveCfg = Debug|Win32
		{58A974E7-93F1-4486-88D3-4C0854C19308}.Debug|x86.Build.0 = Debug|Win32
		{58A974E7-93F1-4486-88D3-4C0854C19308}.Release|x64.ActiveCfg = Release|x64
		{58A974E7-93F1-4486-88D3-4C0854C19308}.Release|x64.Build.0 = Release|x64
		{58A974E7-93F1-4486-88D3-4C0854C19308}.Release|x86.ActiveCfg = Release|Win32
		{58A974E7-93F1-4486-88D3-4C0854C19308}.Release|x86.Build.0 = Release|Win32
	EndGlobalSection
	GlobalSection(SolutionProperties) = preSolution
		HideSolutionNode = FALSE
	EndGlobalSection
	GlobalSection(NestedProjects) = preSolution
		{FC90C47A-7B2F-4FEC-8603-625FF470726E} = {2F03B7D0-B689-4FAC-B0ED-BCE2D479B7EA}
		{151FFAEB-1E0E-4A83-A28E-27BC68508EA8} = {2F03B7D0-B689-4FAC-B0ED-BCE2D479B7EA}
		{0ACEBF45-8515-409B-99DE-190CD392A6FC} = {8876102E-E386-494D-BD9B-850053396B21}
		{ADAC5A93-943B-4584-B3F9-66AD5DC26F57} = {2F03B7D0-B689-4FAC-B0ED-BCE2D479B7EA}
		{58A974E7-93F1-4486-88D3-4C0854C19308} = {2F03B7D0-B689-4FAC-B0ED-BCE2D479B7EA}
	EndGlobalSection
	GlobalSection(ExtensibilityGlobals) = postSolution
		SolutionGuid = {E5856C6D-C470-40AF-91F6-52836C0BC6C6}
	EndGlobalSection
EndGlobal
