
Microsoft Visual Studio Solution File, Format Version 12.00
# Visual Studio Version 17
VisualStudioVersion = 17.11.35303.130
MinimumVisualStudioVersion = 10.0.40219.1
Project("{8BC9CEB8-8B4A-11D0-8D11-00A0C91BC942}") = "Task00", "Task00\Task00.vcxproj", "{0857D555-AA11-4DE3-B7B1-CD88EE0E0B2C}"
EndProject
Project("{8BC9CEB8-8B4A-11D0-8D11-00A0C91BC942}") = "000_StringCount", "000_StringCount\000_StringCount.vcxproj", "{EE5AF0DB-CFC0-4078-8E6A-61CFC03704BE}"
EndProject
Project("{8BC9CEB8-8B4A-11D0-8D11-00A0C91BC942}") = "001_NumberCount", "001_NumberCount\001_NumberCount.vcxproj", "{524D68F6-A79C-4E93-8649-DD5C7DC57FD4}"
EndProject
Project("{8BC9CEB8-8B4A-11D0-8D11-00A0C91BC942}") = "002_MyPrintf", "002_MyPrintf\002_MyPrintf.vcxproj", "{40C11A56-F696-4AAB-9C7F-F02B30704F74}"
EndProject
Global
	GlobalSection(SolutionConfigurationPlatforms) = preSolution
		Debug|x64 = Debug|x64
		Debug|x86 = Debug|x86
		Release|x64 = Release|x64
		Release|x86 = Release|x86
	EndGlobalSection
	GlobalSection(ProjectConfigurationPlatforms) = postSolution
		{0857D555-AA11-4DE3-B7B1-CD88EE0E0B2C}.Debug|x64.ActiveCfg = Debug|x64
		{0857D555-AA11-4DE3-B7B1-CD88EE0E0B2C}.Debug|x64.Build.0 = Debug|x64
		{0857D555-AA11-4DE3-B7B1-CD88EE0E0B2C}.Debug|x86.ActiveCfg = Debug|Win32
		{0857D555-AA11-4DE3-B7B1-CD88EE0E0B2C}.Debug|x86.Build.0 = Debug|Win32
		{0857D555-AA11-4DE3-B7B1-CD88EE0E0B2C}.Release|x64.ActiveCfg = Release|x64
		{0857D555-AA11-4DE3-B7B1-CD88EE0E0B2C}.Release|x64.Build.0 = Release|x64
		{0857D555-AA11-4DE3-B7B1-CD88EE0E0B2C}.Release|x86.ActiveCfg = Release|Win32
		{0857D555-AA11-4DE3-B7B1-CD88EE0E0B2C}.Release|x86.Build.0 = Release|Win32
		{EE5AF0DB-CFC0-4078-8E6A-61CFC03704BE}.Debug|x64.ActiveCfg = Debug|x64
		{EE5AF0DB-CFC0-4078-8E6A-61CFC03704BE}.Debug|x64.Build.0 = Debug|x64
		{EE5AF0DB-CFC0-4078-8E6A-61CFC03704BE}.Debug|x86.ActiveCfg = Debug|Win32
		{EE5AF0DB-CFC0-4078-8E6A-61CFC03704BE}.Debug|x86.Build.0 = Debug|Win32
		{EE5AF0DB-CFC0-4078-8E6A-61CFC03704BE}.Release|x64.ActiveCfg = Release|x64
		{EE5AF0DB-CFC0-4078-8E6A-61CFC03704BE}.Release|x64.Build.0 = Release|x64
		{EE5AF0DB-CFC0-4078-8E6A-61CFC03704BE}.Release|x86.ActiveCfg = Release|Win32
		{EE5AF0DB-CFC0-4078-8E6A-61CFC03704BE}.Release|x86.Build.0 = Release|Win32
		{524D68F6-A79C-4E93-8649-DD5C7DC57FD4}.Debug|x64.ActiveCfg = Debug|x64
		{524D68F6-A79C-4E93-8649-DD5C7DC57FD4}.Debug|x64.Build.0 = Debug|x64
		{524D68F6-A79C-4E93-8649-DD5C7DC57FD4}.Debug|x86.ActiveCfg = Debug|Win32
		{524D68F6-A79C-4E93-8649-DD5C7DC57FD4}.Debug|x86.Build.0 = Debug|Win32
		{524D68F6-A79C-4E93-8649-DD5C7DC57FD4}.Release|x64.ActiveCfg = Release|x64
		{524D68F6-A79C-4E93-8649-DD5C7DC57FD4}.Release|x64.Build.0 = Release|x64
		{524D68F6-A79C-4E93-8649-DD5C7DC57FD4}.Release|x86.ActiveCfg = Release|Win32
		{524D68F6-A79C-4E93-8649-DD5C7DC57FD4}.Release|x86.Build.0 = Release|Win32
		{40C11A56-F696-4AAB-9C7F-F02B30704F74}.Debug|x64.ActiveCfg = Debug|x64
		{40C11A56-F696-4AAB-9C7F-F02B30704F74}.Debug|x64.Build.0 = Debug|x64
		{40C11A56-F696-4AAB-9C7F-F02B30704F74}.Debug|x86.ActiveCfg = Debug|Win32
		{40C11A56-F696-4AAB-9C7F-F02B30704F74}.Debug|x86.Build.0 = Debug|Win32
		{40C11A56-F696-4AAB-9C7F-F02B30704F74}.Release|x64.ActiveCfg = Release|x64
		{40C11A56-F696-4AAB-9C7F-F02B30704F74}.Release|x64.Build.0 = Release|x64
		{40C11A56-F696-4AAB-9C7F-F02B30704F74}.Release|x86.ActiveCfg = Release|Win32
		{40C11A56-F696-4AAB-9C7F-F02B30704F74}.Release|x86.Build.0 = Release|Win32
	EndGlobalSection
	GlobalSection(SolutionProperties) = preSolution
		HideSolutionNode = FALSE
	EndGlobalSection
	GlobalSection(ExtensibilityGlobals) = postSolution
		SolutionGuid = {E5856C6D-C470-40AF-91F6-52836C0BC6C6}
	EndGlobalSection
EndGlobal
